
Microsoft Visual Studio Solution File, Format Version 12.00
# Visual Studio Version 17
VisualStudioVersion = 17.3.32825.248
MinimumVisualStudioVersion = 10.0.40219.1
Project("{2150E333-8FDC-42A3-9474-1A3956D46DE8}") = "CAB201_Prac_7", "CAB201_Prac_7", "{433D26E2-61C7-4F9D-B07F-9692B91BA444}"
EndProject
Project("{9A19103F-16F7-4668-BE54-9A1E7A4F7556}") = "H5_Conference", "H5. Conference\H5_Conference.csproj", "{1C24E0EA-2B35-467E-9DCD-522F87715715}"
EndProject
Project("{9A19103F-16F7-4668-BE54-9A1E7A4F7556}") = "H4_BankAccount", "H4. BankAccount\H4_BankAccount.csproj", "{E24E124C-0144-4C26-A219-C8CE6D42AB60}"
EndProject
Project("{9A19103F-16F7-4668-BE54-9A1E7A4F7556}") = "H2_SwimingPool", "H2. SwimingPool\H2_SwimingPool.csproj", "{8B0CBF9C-6B73-4B71-BA15-C1BF6C74A07B}"
EndProject
Project("{9A19103F-16F7-4668-BE54-9A1E7A4F7556}") = "Q6_Newspaper", "6. Newspaper\Q6_Newspaper.csproj", "{7ED61D3A-B16B-4281-9812-67E3FD6E7E46}"
EndProject
Project("{9A19103F-16F7-4668-BE54-9A1E7A4F7556}") = "Q5_Cooking", "5. Cooking\Q5_Cooking.csproj", "{846B5C54-96F8-4515-A212-FFB4357F32B0}"
EndProject
Project("{9A19103F-16F7-4668-BE54-9A1E7A4F7556}") = "Q4_NotFlix", "4. NotFlix\Q4_NotFlix.csproj", "{7F0D14C2-0488-42A2-827D-E5FC30FF540A}"
EndProject
Project("{9A19103F-16F7-4668-BE54-9A1E7A4F7556}") = "Q3_MyDate", "3. MyDate\Q3_MyDate.csproj", "{EA7E9349-B36B-4B40-A379-4E96AF4375F3}"
EndProject
Project("{9A19103F-16F7-4668-BE54-9A1E7A4F7556}") = "Q2_MyClock", "2. MyClock\Q2_MyClock.csproj", "{D53593AD-7782-49A3-9CF2-7E339F8632D3}"
EndProject
Global
	GlobalSection(SolutionConfigurationPlatforms) = preSolution
		Debug|Any CPU = Debug|Any CPU
		Release|Any CPU = Release|Any CPU
	EndGlobalSection
	GlobalSection(ProjectConfigurationPlatforms) = postSolution
		{1C24E0EA-2B35-467E-9DCD-522F87715715}.Debug|Any CPU.ActiveCfg = Debug|Any CPU
		{1C24E0EA-2B35-467E-9DCD-522F87715715}.Debug|Any CPU.Build.0 = Debug|Any CPU
		{1C24E0EA-2B35-467E-9DCD-522F87715715}.Release|Any CPU.ActiveCfg = Release|Any CPU
		{1C24E0EA-2B35-467E-9DCD-522F87715715}.Release|Any CPU.Build.0 = Release|Any CPU
		{E24E124C-0144-4C26-A219-C8CE6D42AB60}.Debug|Any CPU.ActiveCfg = Debug|Any CPU
		{E24E124C-0144-4C26-A219-C8CE6D42AB60}.Debug|Any CPU.Build.0 = Debug|Any CPU
		{E24E124C-0144-4C26-A219-C8CE6D42AB60}.Release|Any CPU.ActiveCfg = Release|Any CPU
		{E24E124C-0144-4C26-A219-C8CE6D42AB60}.Release|Any CPU.Build.0 = Release|Any CPU
		{8B0CBF9C-6B73-4B71-BA15-C1BF6C74A07B}.Debug|Any CPU.ActiveCfg = Debug|Any CPU
		{8B0CBF9C-6B73-4B71-BA15-C1BF6C74A07B}.Debug|Any CPU.Build.0 = Debug|Any CPU
		{8B0CBF9C-6B73-4B71-BA15-C1BF6C74A07B}.Release|Any CPU.ActiveCfg = Release|Any CPU
		{8B0CBF9C-6B73-4B71-BA15-C1BF6C74A07B}.Release|Any CPU.Build.0 = Release|Any CPU
		{7ED61D3A-B16B-4281-9812-67E3FD6E7E46}.Debug|Any CPU.ActiveCfg = Debug|Any CPU
		{7ED61D3A-B16B-4281-9812-67E3FD6E7E46}.Debug|Any CPU.Build.0 = Debug|Any CPU
		{7ED61D3A-B16B-4281-9812-67E3FD6E7E46}.Release|Any CPU.ActiveCfg = Release|Any CPU
		{7ED61D3A-B16B-4281-9812-67E3FD6E7E46}.Release|Any CPU.Build.0 = Release|Any CPU
		{846B5C54-96F8-4515-A212-FFB4357F32B0}.Debug|Any CPU.ActiveCfg = Debug|Any CPU
		{846B5C54-96F8-4515-A212-FFB4357F32B0}.Debug|Any CPU.Build.0 = Debug|Any CPU
		{846B5C54-96F8-4515-A212-FFB4357F32B0}.Release|Any CPU.ActiveCfg = Release|Any CPU
		{846B5C54-96F8-4515-A212-FFB4357F32B0}.Release|Any CPU.Build.0 = Release|Any CPU
		{7F0D14C2-0488-42A2-827D-E5FC30FF540A}.Debug|Any CPU.ActiveCfg = Debug|Any CPU
		{7F0D14C2-0488-42A2-827D-E5FC30FF540A}.Debug|Any CPU.Build.0 = Debug|Any CPU
		{7F0D14C2-0488-42A2-827D-E5FC30FF540A}.Release|Any CPU.ActiveCfg = Release|Any CPU
		{7F0D14C2-0488-42A2-827D-E5FC30FF540A}.Release|Any CPU.Build.0 = Release|Any CPU
		{EA7E9349-B36B-4B40-A379-4E96AF4375F3}.Debug|Any CPU.ActiveCfg = Debug|Any CPU
		{EA7E9349-B36B-4B40-A379-4E96AF4375F3}.Debug|Any CPU.Build.0 = Debug|Any CPU
		{EA7E9349-B36B-4B40-A379-4E96AF4375F3}.Release|Any CPU.ActiveCfg = Release|Any CPU
		{EA7E9349-B36B-4B40-A379-4E96AF4375F3}.Release|Any CPU.Build.0 = Release|Any CPU
		{D53593AD-7782-49A3-9CF2-7E339F8632D3}.Debug|Any CPU.ActiveCfg = Debug|Any CPU
		{D53593AD-7782-49A3-9CF2-7E339F8632D3}.Debug|Any CPU.Build.0 = Debug|Any CPU
		{D53593AD-7782-49A3-9CF2-7E339F8632D3}.Release|Any CPU.ActiveCfg = Release|Any CPU
		{D53593AD-7782-49A3-9CF2-7E339F8632D3}.Release|Any CPU.Build.0 = Release|Any CPU
	EndGlobalSection
	GlobalSection(SolutionProperties) = preSolution
		HideSolutionNode = FALSE
	EndGlobalSection
	GlobalSection(NestedProjects) = preSolution
		{1C24E0EA-2B35-467E-9DCD-522F87715715} = {433D26E2-61C7-4F9D-B07F-9692B91BA444}
		{E24E124C-0144-4C26-A219-C8CE6D42AB60} = {433D26E2-61C7-4F9D-B07F-9692B91BA444}
		{8B0CBF9C-6B73-4B71-BA15-C1BF6C74A07B} = {433D26E2-61C7-4F9D-B07F-9692B91BA444}
		{7ED61D3A-B16B-4281-9812-67E3FD6E7E46} = {433D26E2-61C7-4F9D-B07F-9692B91BA444}
		{846B5C54-96F8-4515-A212-FFB4357F32B0} = {433D26E2-61C7-4F9D-B07F-9692B91BA444}
		{7F0D14C2-0488-42A2-827D-E5FC30FF540A} = {433D26E2-61C7-4F9D-B07F-9692B91BA444}
		{EA7E9349-B36B-4B40-A379-4E96AF4375F3} = {433D26E2-61C7-4F9D-B07F-9692B91BA444}
		{D53593AD-7782-49A3-9CF2-7E339F8632D3} = {433D26E2-61C7-4F9D-B07F-9692B91BA444}
	EndGlobalSection
	GlobalSection(ExtensibilityGlobals) = postSolution
		SolutionGuid = {6CC9E5FB-3E3D-4086-BA32-7630B904A4FF}
	EndGlobalSection
EndGlobal
