
Microsoft Visual Studio Solution File, Format Version 12.00
# Visual Studio Version 17
VisualStudioVersion = 17.3.32825.248
MinimumVisualStudioVersion = 10.0.40219.1
Project("{9A19103F-16F7-4668-BE54-9A1E7A4F7556}") = "H5_Conference", "H5. Conference\H5_Conference.csproj", "{1FFB8738-1F46-4423-822D-309EE3F3033F}"
EndProject
Project("{9A19103F-16F7-4668-BE54-9A1E7A4F7556}") = "H2_SwimingPool", "H2. SwimingPool\H2_SwimingPool.csproj", "{F5942643-0A54-4A50-B783-1EBAAE39BCE5}"
EndProject
Project("{9A19103F-16F7-4668-BE54-9A1E7A4F7556}") = "C6_Newspaper", "6. Newspaper\C6_Newspaper.csproj", "{97B8535F-1B8E-4B73-826D-CAE9E295FE75}"
EndProject
Project("{9A19103F-16F7-4668-BE54-9A1E7A4F7556}") = "C5_Cooking", "5. Cooking\C5_Cooking.csproj", "{9D2C8ECE-0964-4683-AA36-C39E1C0EA6A4}"
EndProject
Project("{9A19103F-16F7-4668-BE54-9A1E7A4F7556}") = "C4_NotFlix", "4. NotFlix\C4_NotFlix.csproj", "{D9DD1F43-1D35-48BE-BE4E-6F4F2FFD13F2}"
EndProject
Project("{9A19103F-16F7-4668-BE54-9A1E7A4F7556}") = "C3_MyDate", "3. MyDate\C3_MyDate.csproj", "{8DDBAD5A-1B08-4876-B386-B4B34E6DD596}"
EndProject
Project("{9A19103F-16F7-4668-BE54-9A1E7A4F7556}") = "C2_MyClock", "2. MyClock\C2_MyClock.csproj", "{AE252443-5BD4-459D-BC32-9DAA18D308C7}"
EndProject
Project("{9A19103F-16F7-4668-BE54-9A1E7A4F7556}") = "H3_MyClock", "H3. Clock\H3_MyClock.csproj", "{1B00450D-F902-434D-94CD-2BDE89B2E040}"
EndProject
Project("{9A19103F-16F7-4668-BE54-9A1E7A4F7556}") = "H4a_BankAccount", "H4a. BankAccount\H4a_BankAccount.csproj", "{FC7D8B34-9A47-4640-8D5B-6459AB62377F}"
EndProject
Project("{9A19103F-16F7-4668-BE54-9A1E7A4F7556}") = "H4b_BankAccountTwo", "H4b. BankAccountTwo\H4b_BankAccountTwo.csproj", "{9222EE10-2340-4EDA-B9EB-CEC24D96CF12}"
EndProject
Project("{2150E333-8FDC-42A3-9474-1A3956D46DE8}") = "Solution Items", "Solution Items", "{21FC8ACF-5A60-4565-83CC-70E2105B0153}"
	ProjectSection(SolutionItems) = preProject
		README.md = README.md
	EndProjectSection
EndProject
Global
	GlobalSection(SolutionConfigurationPlatforms) = preSolution
		Debug|Any CPU = Debug|Any CPU
		Release|Any CPU = Release|Any CPU
	EndGlobalSection
	GlobalSection(ProjectConfigurationPlatforms) = postSolution
		{1FFB8738-1F46-4423-822D-309EE3F3033F}.Debug|Any CPU.ActiveCfg = Debug|Any CPU
		{1FFB8738-1F46-4423-822D-309EE3F3033F}.Debug|Any CPU.Build.0 = Debug|Any CPU
		{1FFB8738-1F46-4423-822D-309EE3F3033F}.Release|Any CPU.ActiveCfg = Release|Any CPU
		{1FFB8738-1F46-4423-822D-309EE3F3033F}.Release|Any CPU.Build.0 = Release|Any CPU
		{F5942643-0A54-4A50-B783-1EBAAE39BCE5}.Debug|Any CPU.ActiveCfg = Debug|Any CPU
		{F5942643-0A54-4A50-B783-1EBAAE39BCE5}.Debug|Any CPU.Build.0 = Debug|Any CPU
		{F5942643-0A54-4A50-B783-1EBAAE39BCE5}.Release|Any CPU.ActiveCfg = Release|Any CPU
		{F5942643-0A54-4A50-B783-1EBAAE39BCE5}.Release|Any CPU.Build.0 = Release|Any CPU
		{97B8535F-1B8E-4B73-826D-CAE9E295FE75}.Debug|Any CPU.ActiveCfg = Debug|Any CPU
		{97B8535F-1B8E-4B73-826D-CAE9E295FE75}.Debug|Any CPU.Build.0 = Debug|Any CPU
		{97B8535F-1B8E-4B73-826D-CAE9E295FE75}.Release|Any CPU.ActiveCfg = Release|Any CPU
		{97B8535F-1B8E-4B73-826D-CAE9E295FE75}.Release|Any CPU.Build.0 = Release|Any CPU
		{9D2C8ECE-0964-4683-AA36-C39E1C0EA6A4}.Debug|Any CPU.ActiveCfg = Debug|Any CPU
		{9D2C8ECE-0964-4683-AA36-C39E1C0EA6A4}.Debug|Any CPU.Build.0 = Debug|Any CPU
		{9D2C8ECE-0964-4683-AA36-C39E1C0EA6A4}.Release|Any CPU.ActiveCfg = Release|Any CPU
		{9D2C8ECE-0964-4683-AA36-C39E1C0EA6A4}.Release|Any CPU.Build.0 = Release|Any CPU
		{D9DD1F43-1D35-48BE-BE4E-6F4F2FFD13F2}.Debug|Any CPU.ActiveCfg = Debug|Any CPU
		{D9DD1F43-1D35-48BE-BE4E-6F4F2FFD13F2}.Debug|Any CPU.Build.0 = Debug|Any CPU
		{D9DD1F43-1D35-48BE-BE4E-6F4F2FFD13F2}.Release|Any CPU.ActiveCfg = Release|Any CPU
		{D9DD1F43-1D35-48BE-BE4E-6F4F2FFD13F2}.Release|Any CPU.Build.0 = Release|Any CPU
		{8DDBAD5A-1B08-4876-B386-B4B34E6DD596}.Debug|Any CPU.ActiveCfg = Debug|Any CPU
		{8DDBAD5A-1B08-4876-B386-B4B34E6DD596}.Debug|Any CPU.Build.0 = Debug|Any CPU
		{8DDBAD5A-1B08-4876-B386-B4B34E6DD596}.Release|Any CPU.ActiveCfg = Release|Any CPU
		{8DDBAD5A-1B08-4876-B386-B4B34E6DD596}.Release|Any CPU.Build.0 = Release|Any CPU
		{AE252443-5BD4-459D-BC32-9DAA18D308C7}.Debug|Any CPU.ActiveCfg = Debug|Any CPU
		{AE252443-5BD4-459D-BC32-9DAA18D308C7}.Debug|Any CPU.Build.0 = Debug|Any CPU
		{AE252443-5BD4-459D-BC32-9DAA18D308C7}.Release|Any CPU.ActiveCfg = Release|Any CPU
		{AE252443-5BD4-459D-BC32-9DAA18D308C7}.Release|Any CPU.Build.0 = Release|Any CPU
		{1B00450D-F902-434D-94CD-2BDE89B2E040}.Debug|Any CPU.ActiveCfg = Debug|Any CPU
		{1B00450D-F902-434D-94CD-2BDE89B2E040}.Debug|Any CPU.Build.0 = Debug|Any CPU
		{1B00450D-F902-434D-94CD-2BDE89B2E040}.Release|Any CPU.ActiveCfg = Release|Any CPU
		{1B00450D-F902-434D-94CD-2BDE89B2E040}.Release|Any CPU.Build.0 = Release|Any CPU
		{FC7D8B34-9A47-4640-8D5B-6459AB62377F}.Debug|Any CPU.ActiveCfg = Debug|Any CPU
		{FC7D8B34-9A47-4640-8D5B-6459AB62377F}.Debug|Any CPU.Build.0 = Debug|Any CPU
		{FC7D8B34-9A47-4640-8D5B-6459AB62377F}.Release|Any CPU.ActiveCfg = Release|Any CPU
		{FC7D8B34-9A47-4640-8D5B-6459AB62377F}.Release|Any CPU.Build.0 = Release|Any CPU
		{9222EE10-2340-4EDA-B9EB-CEC24D96CF12}.Debug|Any CPU.ActiveCfg = Debug|Any CPU
		{9222EE10-2340-4EDA-B9EB-CEC24D96CF12}.Debug|Any CPU.Build.0 = Debug|Any CPU
		{9222EE10-2340-4EDA-B9EB-CEC24D96CF12}.Release|Any CPU.ActiveCfg = Release|Any CPU
		{9222EE10-2340-4EDA-B9EB-CEC24D96CF12}.Release|Any CPU.Build.0 = Release|Any CPU
	EndGlobalSection
	GlobalSection(SolutionProperties) = preSolution
		HideSolutionNode = FALSE
	EndGlobalSection
	GlobalSection(ExtensibilityGlobals) = postSolution
		SolutionGuid = {6CC9E5FB-3E3D-4086-BA32-7630B904A4FF}
	EndGlobalSection
EndGlobal
